
Microsoft Visual Studio Solution File, Format Version 12.00
# Visual Studio Version 17
VisualStudioVersion = 17.8.34330.188
MinimumVisualStudioVersion = 10.0.40219.1
Project("{8BC9CEB8-8B4A-11D0-8D11-00A0C91BC942}") = "WinFelix", "WinFelix\WinFelix.vcxproj", "{89CB9A2E-8DFA-4B43-9063-3DA1AA917B47}"
EndProject
Project("{2150E333-8FDC-42A3-9474-1A3956D46DE8}") = "helpers", "helpers", "{01B87F5A-7A71-4C3B-9578-B8F939BF4438}"
EndProject
Project("{8BC9CEB8-8B4A-11D0-8D11-00A0C91BC942}") = "libFelix", "libFelix\libFelix.vcxproj", "{F73558BD-D0F3-4AD9-B123-7CC346A21A70}"
EndProject
Project("{2150E333-8FDC-42A3-9474-1A3956D46DE8}") = "sol", "sol", "{500C37F9-B7EF-41AA-BF69-59E417608FD5}"
	ProjectSection(SolutionItems) = preProject
		sol2\include\sol\assert.hpp = sol2\include\sol\assert.hpp
		sol2\include\sol\as_args.hpp = sol2\include\sol\as_args.hpp
		sol2\include\sol\as_returns.hpp = sol2\include\sol\as_returns.hpp
		sol2\include\sol\base_traits.hpp = sol2\include\sol\base_traits.hpp
		sol2\include\sol\bind_traits.hpp = sol2\include\sol\bind_traits.hpp
		sol2\include\sol\bytecode.hpp = sol2\include\sol\bytecode.hpp
		sol2\include\sol\call.hpp = sol2\include\sol\call.hpp
		sol2\include\sol\compatibility.hpp = sol2\include\sol\compatibility.hpp
		sol2\include\sol\config.hpp = sol2\include\sol\config.hpp
		sol2\include\sol\coroutine.hpp = sol2\include\sol\coroutine.hpp
		sol2\include\sol\debug.hpp = sol2\include\sol\debug.hpp
		sol2\include\sol\demangle.hpp = sol2\include\sol\demangle.hpp
		sol2\include\sol\deprecate.hpp = sol2\include\sol\deprecate.hpp
		sol2\include\sol\dump_handler.hpp = sol2\include\sol\dump_handler.hpp
		sol2\include\sol\ebco.hpp = sol2\include\sol\ebco.hpp
		sol2\include\sol\environment.hpp = sol2\include\sol\environment.hpp
		sol2\include\sol\error.hpp = sol2\include\sol\error.hpp
		sol2\include\sol\error_handler.hpp = sol2\include\sol\error_handler.hpp
		sol2\include\sol\forward.hpp = sol2\include\sol\forward.hpp
		sol2\include\sol\forward_detail.hpp = sol2\include\sol\forward_detail.hpp
		sol2\include\sol\function.hpp = sol2\include\sol\function.hpp
		sol2\include\sol\function_result.hpp = sol2\include\sol\function_result.hpp
		sol2\include\sol\function_types.hpp = sol2\include\sol\function_types.hpp
		sol2\include\sol\function_types_core.hpp = sol2\include\sol\function_types_core.hpp
		sol2\include\sol\function_types_overloaded.hpp = sol2\include\sol\function_types_overloaded.hpp
		sol2\include\sol\function_types_stateful.hpp = sol2\include\sol\function_types_stateful.hpp
		sol2\include\sol\function_types_stateless.hpp = sol2\include\sol\function_types_stateless.hpp
		sol2\include\sol\function_types_templated.hpp = sol2\include\sol\function_types_templated.hpp
		sol2\include\sol\inheritance.hpp = sol2\include\sol\inheritance.hpp
		sol2\include\sol\in_place.hpp = sol2\include\sol\in_place.hpp
		sol2\include\sol\load_result.hpp = sol2\include\sol\load_result.hpp
		sol2\include\sol\lua_table.hpp = sol2\include\sol\lua_table.hpp
		sol2\include\sol\lua_value.hpp = sol2\include\sol\lua_value.hpp
		sol2\include\sol\make_reference.hpp = sol2\include\sol\make_reference.hpp
		sol2\include\sol\metatable.hpp = sol2\include\sol\metatable.hpp
		sol2\include\sol\object.hpp = sol2\include\sol\object.hpp
		sol2\include\sol\object_base.hpp = sol2\include\sol\object_base.hpp
		sol2\include\sol\optional.hpp = sol2\include\sol\optional.hpp
		sol2\include\sol\optional_implementation.hpp = sol2\include\sol\optional_implementation.hpp
		sol2\include\sol\overload.hpp = sol2\include\sol\overload.hpp
		sol2\include\sol\packaged_coroutine.hpp = sol2\include\sol\packaged_coroutine.hpp
		sol2\include\sol\pairs_iterator.hpp = sol2\include\sol\pairs_iterator.hpp
		sol2\include\sol\pointer_like.hpp = sol2\include\sol\pointer_like.hpp
		sol2\include\sol\policies.hpp = sol2\include\sol\policies.hpp
		sol2\include\sol\property.hpp = sol2\include\sol\property.hpp
		sol2\include\sol\protect.hpp = sol2\include\sol\protect.hpp
		sol2\include\sol\protected_function.hpp = sol2\include\sol\protected_function.hpp
		sol2\include\sol\protected_function_result.hpp = sol2\include\sol\protected_function_result.hpp
		sol2\include\sol\protected_handler.hpp = sol2\include\sol\protected_handler.hpp
		sol2\include\sol\proxy_base.hpp = sol2\include\sol\proxy_base.hpp
		sol2\include\sol\raii.hpp = sol2\include\sol\raii.hpp
		sol2\include\sol\reference.hpp = sol2\include\sol\reference.hpp
		sol2\include\sol\resolve.hpp = sol2\include\sol\resolve.hpp
		sol2\include\sol\sol.hpp = sol2\include\sol\sol.hpp
		sol2\include\sol\stack.hpp = sol2\include\sol\stack.hpp
		sol2\include\sol\stack_check.hpp = sol2\include\sol\stack_check.hpp
		sol2\include\sol\stack_check_get.hpp = sol2\include\sol\stack_check_get.hpp
		sol2\include\sol\stack_check_get_qualified.hpp = sol2\include\sol\stack_check_get_qualified.hpp
		sol2\include\sol\stack_check_get_unqualified.hpp = sol2\include\sol\stack_check_get_unqualified.hpp
		sol2\include\sol\stack_check_qualified.hpp = sol2\include\sol\stack_check_qualified.hpp
		sol2\include\sol\stack_check_unqualified.hpp = sol2\include\sol\stack_check_unqualified.hpp
		sol2\include\sol\stack_core.hpp = sol2\include\sol\stack_core.hpp
		sol2\include\sol\stack_field.hpp = sol2\include\sol\stack_field.hpp
		sol2\include\sol\stack_get.hpp = sol2\include\sol\stack_get.hpp
		sol2\include\sol\stack_get_qualified.hpp = sol2\include\sol\stack_get_qualified.hpp
		sol2\include\sol\stack_get_unqualified.hpp = sol2\include\sol\stack_get_unqualified.hpp
		sol2\include\sol\stack_guard.hpp = sol2\include\sol\stack_guard.hpp
		sol2\include\sol\stack_iterator.hpp = sol2\include\sol\stack_iterator.hpp
		sol2\include\sol\stack_pop.hpp = sol2\include\sol\stack_pop.hpp
		sol2\include\sol\stack_probe.hpp = sol2\include\sol\stack_probe.hpp
		sol2\include\sol\stack_proxy.hpp = sol2\include\sol\stack_proxy.hpp
		sol2\include\sol\stack_proxy_base.hpp = sol2\include\sol\stack_proxy_base.hpp
		sol2\include\sol\stack_push.hpp = sol2\include\sol\stack_push.hpp
		sol2\include\sol\stack_reference.hpp = sol2\include\sol\stack_reference.hpp
		sol2\include\sol\state.hpp = sol2\include\sol\state.hpp
		sol2\include\sol\state_handling.hpp = sol2\include\sol\state_handling.hpp
		sol2\include\sol\state_view.hpp = sol2\include\sol\state_view.hpp
		sol2\include\sol\string_view.hpp = sol2\include\sol\string_view.hpp
		sol2\include\sol\table.hpp = sol2\include\sol\table.hpp
		sol2\include\sol\table_core.hpp = sol2\include\sol\table_core.hpp
		sol2\include\sol\table_iterator.hpp = sol2\include\sol\table_iterator.hpp
		sol2\include\sol\table_proxy.hpp = sol2\include\sol\table_proxy.hpp
		sol2\include\sol\thread.hpp = sol2\include\sol\thread.hpp
		sol2\include\sol\tie.hpp = sol2\include\sol\tie.hpp
		sol2\include\sol\traits.hpp = sol2\include\sol\traits.hpp
		sol2\include\sol\trampoline.hpp = sol2\include\sol\trampoline.hpp
		sol2\include\sol\tuple.hpp = sol2\include\sol\tuple.hpp
		sol2\include\sol\types.hpp = sol2\include\sol\types.hpp
		sol2\include\sol\unicode.hpp = sol2\include\sol\unicode.hpp
		sol2\include\sol\unique_usertype_traits.hpp = sol2\include\sol\unique_usertype_traits.hpp
		sol2\include\sol\unsafe_function.hpp = sol2\include\sol\unsafe_function.hpp
		sol2\include\sol\unsafe_function_result.hpp = sol2\include\sol\unsafe_function_result.hpp
		sol2\include\sol\userdata.hpp = sol2\include\sol\userdata.hpp
		sol2\include\sol\usertype.hpp = sol2\include\sol\usertype.hpp
		sol2\include\sol\usertype_container.hpp = sol2\include\sol\usertype_container.hpp
		sol2\include\sol\usertype_container_launch.hpp = sol2\include\sol\usertype_container_launch.hpp
		sol2\include\sol\usertype_core.hpp = sol2\include\sol\usertype_core.hpp
		sol2\include\sol\usertype_proxy.hpp = sol2\include\sol\usertype_proxy.hpp
		sol2\include\sol\usertype_storage.hpp = sol2\include\sol\usertype_storage.hpp
		sol2\include\sol\usertype_traits.hpp = sol2\include\sol\usertype_traits.hpp
		sol2\include\sol\variadic_args.hpp = sol2\include\sol\variadic_args.hpp
		sol2\include\sol\variadic_results.hpp = sol2\include\sol\variadic_results.hpp
		sol2\include\sol\version.hpp = sol2\include\sol\version.hpp
		sol2\include\sol\wrapper.hpp = sol2\include\sol\wrapper.hpp
	EndProjectSection
EndProject
Project("{8BC9CEB8-8B4A-11D0-8D11-00A0C91BC942}") = "lua", "libextern\lua.vcxproj", "{D0242ABD-A0BF-4500-AC25-5D3DE0359BCA}"
EndProject
Project("{8BC9CEB8-8B4A-11D0-8D11-00A0C91BC942}") = "imgui", "libextern\imgui.vcxproj", "{121B3D6E-B957-40FA-B554-8FDD1FBA17CF}"
EndProject
Project("{8BC9CEB8-8B4A-11D0-8D11-00A0C91BC942}") = "Encoder", "Encoder\Encoder.vcxproj", "{14586C3F-0D43-4D2B-B5D9-43141BCB515C}"
EndProject
Project("{8BC9CEB8-8B4A-11D0-8D11-00A0C91BC942}") = "libwav", "libextern\libwav.vcxproj", "{9EA01067-B994-4BBE-B340-E626EE249427}"
EndProject
Project("{2150E333-8FDC-42A3-9474-1A3956D46DE8}") = "doc", "doc", "{88B0A14D-5C01-4FA8-9C4A-E82A8998D508}"
	ProjectSection(SolutionItems) = preProject
		CHANGELOG.md = CHANGELOG.md
		README.md = README.md
	EndProjectSection
EndProject
Project("{2150E333-8FDC-42A3-9474-1A3956D46DE8}") = "libextern", "libextern", "{85D85B3A-D982-4C06-B878-3266FD86B0C5}"
EndProject
Project("{2150E333-8FDC-42A3-9474-1A3956D46DE8}") = "imgui-filebrowser", "imgui-filebrowser", "{C84F75A3-3571-4A26-9C2F-B0BE678A3397}"
	ProjectSection(SolutionItems) = preProject
		libextern\imgui-filebrowser\imfilebrowser.h = libextern\imgui-filebrowser\imfilebrowser.h
	EndProjectSection
EndProject
Project("{8BC9CEB8-8B4A-11D0-8D11-00A0C91BC942}") = "VersionTool", "helpers\VersionTool\VersionTool.vcxproj", "{30B7E2A2-7CB5-4570-8486-A3BD91C4EF97}"
EndProject
Project("{8BC9CEB8-8B4A-11D0-8D11-00A0C91BC942}") = "FontRenderer", "helpers\FontRenderer\FontRenderer.vcxproj", "{EAFB887E-6E11-4A26-9736-A45724FF2CAC}"
EndProject
Global
	GlobalSection(SolutionConfigurationPlatforms) = preSolution
		Debug|Win32 = Debug|Win32
		Debug|x64 = Debug|x64
		Debug|x86 = Debug|x86
		FastRelease|Win32 = FastRelease|Win32
		FastRelease|x64 = FastRelease|x64
		FastRelease|x86 = FastRelease|x86
		Release|Win32 = Release|Win32
		Release|x64 = Release|x64
		Release|x86 = Release|x86
	EndGlobalSection
	GlobalSection(ProjectConfigurationPlatforms) = postSolution
		{89CB9A2E-8DFA-4B43-9063-3DA1AA917B47}.Debug|Win32.ActiveCfg = Debug|Win32
		{89CB9A2E-8DFA-4B43-9063-3DA1AA917B47}.Debug|Win32.Build.0 = Debug|Win32
		{89CB9A2E-8DFA-4B43-9063-3DA1AA917B47}.Debug|x64.ActiveCfg = Debug|x64
		{89CB9A2E-8DFA-4B43-9063-3DA1AA917B47}.Debug|x64.Build.0 = Debug|x64
		{89CB9A2E-8DFA-4B43-9063-3DA1AA917B47}.Debug|x86.ActiveCfg = Debug|Win32
		{89CB9A2E-8DFA-4B43-9063-3DA1AA917B47}.Debug|x86.Build.0 = Debug|Win32
		{89CB9A2E-8DFA-4B43-9063-3DA1AA917B47}.FastRelease|Win32.ActiveCfg = FastRelease|Win32
		{89CB9A2E-8DFA-4B43-9063-3DA1AA917B47}.FastRelease|Win32.Build.0 = FastRelease|Win32
		{89CB9A2E-8DFA-4B43-9063-3DA1AA917B47}.FastRelease|x64.ActiveCfg = FastRelease|x64
		{89CB9A2E-8DFA-4B43-9063-3DA1AA917B47}.FastRelease|x64.Build.0 = FastRelease|x64
		{89CB9A2E-8DFA-4B43-9063-3DA1AA917B47}.FastRelease|x86.ActiveCfg = FastRelease|Win32
		{89CB9A2E-8DFA-4B43-9063-3DA1AA917B47}.FastRelease|x86.Build.0 = FastRelease|Win32
		{89CB9A2E-8DFA-4B43-9063-3DA1AA917B47}.Release|Win32.ActiveCfg = Release|Win32
		{89CB9A2E-8DFA-4B43-9063-3DA1AA917B47}.Release|Win32.Build.0 = Release|Win32
		{89CB9A2E-8DFA-4B43-9063-3DA1AA917B47}.Release|x64.ActiveCfg = Release|x64
		{89CB9A2E-8DFA-4B43-9063-3DA1AA917B47}.Release|x64.Build.0 = Release|x64
		{89CB9A2E-8DFA-4B43-9063-3DA1AA917B47}.Release|x86.ActiveCfg = Release|Win32
		{89CB9A2E-8DFA-4B43-9063-3DA1AA917B47}.Release|x86.Build.0 = Release|Win32
		{F73558BD-D0F3-4AD9-B123-7CC346A21A70}.Debug|Win32.ActiveCfg = Debug|Win32
		{F73558BD-D0F3-4AD9-B123-7CC346A21A70}.Debug|x64.ActiveCfg = Debug|x64
		{F73558BD-D0F3-4AD9-B123-7CC346A21A70}.Debug|x64.Build.0 = Debug|x64
		{F73558BD-D0F3-4AD9-B123-7CC346A21A70}.Debug|x86.ActiveCfg = Debug|Win32
		{F73558BD-D0F3-4AD9-B123-7CC346A21A70}.Debug|x86.Build.0 = Debug|Win32
		{F73558BD-D0F3-4AD9-B123-7CC346A21A70}.FastRelease|Win32.ActiveCfg = FastRelease|Win32
		{F73558BD-D0F3-4AD9-B123-7CC346A21A70}.FastRelease|x64.ActiveCfg = FastRelease|x64
		{F73558BD-D0F3-4AD9-B123-7CC346A21A70}.FastRelease|x64.Build.0 = FastRelease|x64
		{F73558BD-D0F3-4AD9-B123-7CC346A21A70}.FastRelease|x86.ActiveCfg = FastRelease|Win32
		{F73558BD-D0F3-4AD9-B123-7CC346A21A70}.FastRelease|x86.Build.0 = FastRelease|Win32
		{F73558BD-D0F3-4AD9-B123-7CC346A21A70}.Release|Win32.ActiveCfg = Release|Win32
		{F73558BD-D0F3-4AD9-B123-7CC346A21A70}.Release|Win32.Build.0 = Release|Win32
		{F73558BD-D0F3-4AD9-B123-7CC346A21A70}.Release|x64.ActiveCfg = Release|x64
		{F73558BD-D0F3-4AD9-B123-7CC346A21A70}.Release|x64.Build.0 = Release|x64
		{F73558BD-D0F3-4AD9-B123-7CC346A21A70}.Release|x86.ActiveCfg = Release|Win32
		{F73558BD-D0F3-4AD9-B123-7CC346A21A70}.Release|x86.Build.0 = Release|Win32
		{D0242ABD-A0BF-4500-AC25-5D3DE0359BCA}.Debug|Win32.ActiveCfg = Debug|x64
		{D0242ABD-A0BF-4500-AC25-5D3DE0359BCA}.Debug|Win32.Build.0 = Debug|x64
		{D0242ABD-A0BF-4500-AC25-5D3DE0359BCA}.Debug|x64.ActiveCfg = Debug|x64
		{D0242ABD-A0BF-4500-AC25-5D3DE0359BCA}.Debug|x64.Build.0 = Debug|x64
		{D0242ABD-A0BF-4500-AC25-5D3DE0359BCA}.Debug|x86.ActiveCfg = Debug|x64
		{D0242ABD-A0BF-4500-AC25-5D3DE0359BCA}.FastRelease|Win32.ActiveCfg = FastRelease|x64
		{D0242ABD-A0BF-4500-AC25-5D3DE0359BCA}.FastRelease|Win32.Build.0 = FastRelease|x64
		{D0242ABD-A0BF-4500-AC25-5D3DE0359BCA}.FastRelease|x64.ActiveCfg = FastRelease|x64
		{D0242ABD-A0BF-4500-AC25-5D3DE0359BCA}.FastRelease|x64.Build.0 = FastRelease|x64
		{D0242ABD-A0BF-4500-AC25-5D3DE0359BCA}.FastRelease|x86.ActiveCfg = FastRelease|x64
		{D0242ABD-A0BF-4500-AC25-5D3DE0359BCA}.Release|Win32.ActiveCfg = Release|Win32
		{D0242ABD-A0BF-4500-AC25-5D3DE0359BCA}.Release|Win32.Build.0 = Release|Win32
		{D0242ABD-A0BF-4500-AC25-5D3DE0359BCA}.Release|x64.ActiveCfg = Release|x64
		{D0242ABD-A0BF-4500-AC25-5D3DE0359BCA}.Release|x64.Build.0 = Release|x64
		{D0242ABD-A0BF-4500-AC25-5D3DE0359BCA}.Release|x86.ActiveCfg = Release|Win32
		{D0242ABD-A0BF-4500-AC25-5D3DE0359BCA}.Release|x86.Build.0 = Release|Win32
		{121B3D6E-B957-40FA-B554-8FDD1FBA17CF}.Debug|Win32.ActiveCfg = Debug|Win32
		{121B3D6E-B957-40FA-B554-8FDD1FBA17CF}.Debug|x64.ActiveCfg = Debug|x64
		{121B3D6E-B957-40FA-B554-8FDD1FBA17CF}.Debug|x64.Build.0 = Debug|x64
		{121B3D6E-B957-40FA-B554-8FDD1FBA17CF}.Debug|x86.ActiveCfg = Debug|Win32
		{121B3D6E-B957-40FA-B554-8FDD1FBA17CF}.Debug|x86.Build.0 = Debug|Win32
		{121B3D6E-B957-40FA-B554-8FDD1FBA17CF}.FastRelease|Win32.ActiveCfg = FastRelease|Win32
		{121B3D6E-B957-40FA-B554-8FDD1FBA17CF}.FastRelease|x64.ActiveCfg = FastRelease|x64
		{121B3D6E-B957-40FA-B554-8FDD1FBA17CF}.FastRelease|x64.Build.0 = FastRelease|x64
		{121B3D6E-B957-40FA-B554-8FDD1FBA17CF}.FastRelease|x86.ActiveCfg = FastRelease|Win32
		{121B3D6E-B957-40FA-B554-8FDD1FBA17CF}.FastRelease|x86.Build.0 = FastRelease|Win32
		{121B3D6E-B957-40FA-B554-8FDD1FBA17CF}.Release|Win32.ActiveCfg = Release|Win32
		{121B3D6E-B957-40FA-B554-8FDD1FBA17CF}.Release|Win32.Build.0 = Release|Win32
		{121B3D6E-B957-40FA-B554-8FDD1FBA17CF}.Release|x64.ActiveCfg = Release|x64
		{121B3D6E-B957-40FA-B554-8FDD1FBA17CF}.Release|x64.Build.0 = Release|x64
		{121B3D6E-B957-40FA-B554-8FDD1FBA17CF}.Release|x86.ActiveCfg = Release|Win32
		{121B3D6E-B957-40FA-B554-8FDD1FBA17CF}.Release|x86.Build.0 = Release|Win32
		{14586C3F-0D43-4D2B-B5D9-43141BCB515C}.Debug|Win32.ActiveCfg = Debug|Win32
		{14586C3F-0D43-4D2B-B5D9-43141BCB515C}.Debug|x64.ActiveCfg = Debug|x64
		{14586C3F-0D43-4D2B-B5D9-43141BCB515C}.Debug|x64.Build.0 = Debug|x64
		{14586C3F-0D43-4D2B-B5D9-43141BCB515C}.Debug|x86.ActiveCfg = Debug|Win32
		{14586C3F-0D43-4D2B-B5D9-43141BCB515C}.Debug|x86.Build.0 = Debug|Win32
		{14586C3F-0D43-4D2B-B5D9-43141BCB515C}.FastRelease|Win32.ActiveCfg = Release|Win32
		{14586C3F-0D43-4D2B-B5D9-43141BCB515C}.FastRelease|x64.ActiveCfg = Release|x64
		{14586C3F-0D43-4D2B-B5D9-43141BCB515C}.FastRelease|x64.Build.0 = Release|x64
		{14586C3F-0D43-4D2B-B5D9-43141BCB515C}.FastRelease|x86.ActiveCfg = Release|Win32
		{14586C3F-0D43-4D2B-B5D9-43141BCB515C}.FastRelease|x86.Build.0 = Release|Win32
		{14586C3F-0D43-4D2B-B5D9-43141BCB515C}.Release|Win32.ActiveCfg = Release|Win32
		{14586C3F-0D43-4D2B-B5D9-43141BCB515C}.Release|Win32.Build.0 = Release|Win32
		{14586C3F-0D43-4D2B-B5D9-43141BCB515C}.Release|x64.ActiveCfg = Release|x64
		{14586C3F-0D43-4D2B-B5D9-43141BCB515C}.Release|x64.Build.0 = Release|x64
		{14586C3F-0D43-4D2B-B5D9-43141BCB515C}.Release|x86.ActiveCfg = Release|Win32
		{14586C3F-0D43-4D2B-B5D9-43141BCB515C}.Release|x86.Build.0 = Release|Win32
		{9EA01067-B994-4BBE-B340-E626EE249427}.Debug|Win32.ActiveCfg = Debug|Win32
		{9EA01067-B994-4BBE-B340-E626EE249427}.Debug|x64.ActiveCfg = Debug|x64
		{9EA01067-B994-4BBE-B340-E626EE249427}.Debug|x64.Build.0 = Debug|x64
		{9EA01067-B994-4BBE-B340-E626EE249427}.Debug|x86.ActiveCfg = Debug|Win32
		{9EA01067-B994-4BBE-B340-E626EE249427}.Debug|x86.Build.0 = Debug|Win32
		{9EA01067-B994-4BBE-B340-E626EE249427}.FastRelease|Win32.ActiveCfg = Release|Win32
		{9EA01067-B994-4BBE-B340-E626EE249427}.FastRelease|x64.ActiveCfg = Release|x64
		{9EA01067-B994-4BBE-B340-E626EE249427}.FastRelease|x64.Build.0 = Release|x64
		{9EA01067-B994-4BBE-B340-E626EE249427}.FastRelease|x86.ActiveCfg = Release|Win32
		{9EA01067-B994-4BBE-B340-E626EE249427}.FastRelease|x86.Build.0 = Release|Win32
		{9EA01067-B994-4BBE-B340-E626EE249427}.Release|Win32.ActiveCfg = Release|Win32
		{9EA01067-B994-4BBE-B340-E626EE249427}.Release|Win32.Build.0 = Release|Win32
		{9EA01067-B994-4BBE-B340-E626EE249427}.Release|x64.ActiveCfg = Release|x64
		{9EA01067-B994-4BBE-B340-E626EE249427}.Release|x64.Build.0 = Release|x64
		{9EA01067-B994-4BBE-B340-E626EE249427}.Release|x86.ActiveCfg = Release|Win32
		{9EA01067-B994-4BBE-B340-E626EE249427}.Release|x86.Build.0 = Release|Win32
		{30B7E2A2-7CB5-4570-8486-A3BD91C4EF97}.Debug|Win32.ActiveCfg = Debug|Win32
		{30B7E2A2-7CB5-4570-8486-A3BD91C4EF97}.Debug|Win32.Build.0 = Debug|Win32
		{30B7E2A2-7CB5-4570-8486-A3BD91C4EF97}.Debug|x64.ActiveCfg = Debug|x64
		{30B7E2A2-7CB5-4570-8486-A3BD91C4EF97}.Debug|x64.Build.0 = Debug|x64
		{30B7E2A2-7CB5-4570-8486-A3BD91C4EF97}.Debug|x86.ActiveCfg = Debug|x64
		{30B7E2A2-7CB5-4570-8486-A3BD91C4EF97}.FastRelease|Win32.ActiveCfg = Release|Win32
		{30B7E2A2-7CB5-4570-8486-A3BD91C4EF97}.FastRelease|Win32.Build.0 = Release|Win32
		{30B7E2A2-7CB5-4570-8486-A3BD91C4EF97}.FastRelease|x64.ActiveCfg = Release|x64
		{30B7E2A2-7CB5-4570-8486-A3BD91C4EF97}.FastRelease|x64.Build.0 = Release|x64
		{30B7E2A2-7CB5-4570-8486-A3BD91C4EF97}.FastRelease|x86.ActiveCfg = Debug|x64
		{30B7E2A2-7CB5-4570-8486-A3BD91C4EF97}.FastRelease|x86.Build.0 = Debug|x64
		{30B7E2A2-7CB5-4570-8486-A3BD91C4EF97}.Release|Win32.ActiveCfg = Release|Win32
		{30B7E2A2-7CB5-4570-8486-A3BD91C4EF97}.Release|Win32.Build.0 = Release|Win32
		{30B7E2A2-7CB5-4570-8486-A3BD91C4EF97}.Release|x64.ActiveCfg = Release|x64
		{30B7E2A2-7CB5-4570-8486-A3BD91C4EF97}.Release|x64.Build.0 = Release|x64
		{30B7E2A2-7CB5-4570-8486-A3BD91C4EF97}.Release|x86.ActiveCfg = Release|Win32
		{30B7E2A2-7CB5-4570-8486-A3BD91C4EF97}.Release|x86.Build.0 = Release|Win32
		{EAFB887E-6E11-4A26-9736-A45724FF2CAC}.Debug|Win32.ActiveCfg = Debug|Win32
		{EAFB887E-6E11-4A26-9736-A45724FF2CAC}.Debug|x64.ActiveCfg = Debug|x64
		{EAFB887E-6E11-4A26-9736-A45724FF2CAC}.Debug|x64.Build.0 = Debug|x64
		{EAFB887E-6E11-4A26-9736-A45724FF2CAC}.Debug|x86.ActiveCfg = Debug|Win32
		{EAFB887E-6E11-4A26-9736-A45724FF2CAC}.Debug|x86.Build.0 = Debug|Win32
		{EAFB887E-6E11-4A26-9736-A45724FF2CAC}.FastRelease|Win32.ActiveCfg = Release|Win32
		{EAFB887E-6E11-4A26-9736-A45724FF2CAC}.FastRelease|x64.ActiveCfg = Release|x64
		{EAFB887E-6E11-4A26-9736-A45724FF2CAC}.FastRelease|x64.Build.0 = Release|x64
		{EAFB887E-6E11-4A26-9736-A45724FF2CAC}.FastRelease|x86.ActiveCfg = Release|Win32
		{EAFB887E-6E11-4A26-9736-A45724FF2CAC}.FastRelease|x86.Build.0 = Release|Win32
		{EAFB887E-6E11-4A26-9736-A45724FF2CAC}.Release|Win32.ActiveCfg = Release|Win32
		{EAFB887E-6E11-4A26-9736-A45724FF2CAC}.Release|x64.ActiveCfg = Release|x64
		{EAFB887E-6E11-4A26-9736-A45724FF2CAC}.Release|x64.Build.0 = Release|x64
		{EAFB887E-6E11-4A26-9736-A45724FF2CAC}.Release|x86.ActiveCfg = Release|Win32
		{EAFB887E-6E11-4A26-9736-A45724FF2CAC}.Release|x86.Build.0 = Release|Win32
	EndGlobalSection
	GlobalSection(SolutionProperties) = preSolution
		HideSolutionNode = FALSE
	EndGlobalSection
	GlobalSection(NestedProjects) = preSolution
		{500C37F9-B7EF-41AA-BF69-59E417608FD5} = {85D85B3A-D982-4C06-B878-3266FD86B0C5}
		{D0242ABD-A0BF-4500-AC25-5D3DE0359BCA} = {85D85B3A-D982-4C06-B878-3266FD86B0C5}
		{121B3D6E-B957-40FA-B554-8FDD1FBA17CF} = {85D85B3A-D982-4C06-B878-3266FD86B0C5}
		{9EA01067-B994-4BBE-B340-E626EE249427} = {85D85B3A-D982-4C06-B878-3266FD86B0C5}
		{C84F75A3-3571-4A26-9C2F-B0BE678A3397} = {85D85B3A-D982-4C06-B878-3266FD86B0C5}
		{30B7E2A2-7CB5-4570-8486-A3BD91C4EF97} = {01B87F5A-7A71-4C3B-9578-B8F939BF4438}
		{EAFB887E-6E11-4A26-9736-A45724FF2CAC} = {01B87F5A-7A71-4C3B-9578-B8F939BF4438}
	EndGlobalSection
	GlobalSection(ExtensibilityGlobals) = postSolution
		SolutionGuid = {3B5A8028-FB31-42B8-8779-5CE2F6957369}
	EndGlobalSection
EndGlobal
