<?xml version="1.0" encoding="utf-8"?>
<Project ToolsVersion="4.0" xmlns="http://schemas.microsoft.com/developer/msbuild/2003">
  <ItemGroup>
    <Filter Include="Source Files">
      <UniqueIdentifier>{4FC737F1-C7A5-4376-A066-2A32D752A2FF}</UniqueIdentifier>
      <Extensions>cpp;c;cc;cxx;c++;def;odl;idl;hpj;bat;asm;asmx</Extensions>
    </Filter>
    <Filter Include="gsl">
      <UniqueIdentifier>{dfedf6f3-97fb-4283-8f0d-da655ecb50e4}</UniqueIdentifier>
    </Filter>
  </ItemGroup>
  <ItemGroup>
    <ClCompile Include="BusMaster.cpp">
      <Filter>Source Files</Filter>
    </ClCompile>
    <ClCompile Include="Mikey.cpp">
      <Filter>Source Files</Filter>
    </ClCompile>
    <ClCompile Include="Suzy.cpp">
      <Filter>Source Files</Filter>
    </ClCompile>
    <ClCompile Include="CPUTrace.cpp">
      <Filter>Source Files</Filter>
    </ClCompile>
    <ClCompile Include="ActionQueue.cpp">
      <Filter>Source Files</Filter>
    </ClCompile>
    <ClCompile Include="TimerCore.cpp">
      <Filter>Source Files</Filter>
    </ClCompile>
    <ClCompile Include="DisplayGenerator.cpp">
      <Filter>Source Files</Filter>
    </ClCompile>
    <ClCompile Include="WinMain.cpp">
      <Filter>Source Files</Filter>
    </ClCompile>
    <ClCompile Include="WinRenderer.cpp">
      <Filter>Source Files</Filter>
    </ClCompile>
    <ClCompile Include="CPU.cpp">
      <Filter>Source Files</Filter>
    </ClCompile>
    <ClCompile Include="CPUExecute.cpp">
      <Filter>Source Files</Filter>
    </ClCompile>
    <ClCompile Include="PenUnpacker.cpp">
      <Filter>Source Files</Filter>
    </ClCompile>
    <ClCompile Include="SuzyProcess.cpp">
      <Filter>Source Files</Filter>
    </ClCompile>
    <ClCompile Include="VidOperator.cpp">
      <Filter>Source Files</Filter>
    </ClCompile>
    <ClCompile Include="AudioChannel.cpp">
      <Filter>Source Files</Filter>
    </ClCompile>
    <ClCompile Include="SuzyMath.cpp">
      <Filter>Source Files</Filter>
    </ClCompile>
    <ClCompile Include="ParallelPort.cpp">
      <Filter>Source Files</Filter>
    </ClCompile>
    <ClCompile Include="Cartridge.cpp">
      <Filter>Source Files</Filter>
    </ClCompile>
    <ClCompile Include="ComLynx.cpp">
      <Filter>Source Files</Filter>
    </ClCompile>
    <ClCompile Include="ColOperator.cpp">
      <Filter>Source Files</Filter>
    </ClCompile>
    <ClCompile Include="Log.cpp">
      <Filter>Source Files</Filter>
    </ClCompile>
    <ClCompile Include="WinAudioOut.cpp">
      <Filter>Source Files</Filter>
    </ClCompile>
    <ClCompile Include="InputFile.cpp">
      <Filter>Source Files</Filter>
    </ClCompile>
    <ClCompile Include="ImageBS93.cpp">
      <Filter>Source Files</Filter>
    </ClCompile>
    <ClCompile Include="ImageBIOS.cpp">
      <Filter>Source Files</Filter>
    </ClCompile>
    <ClCompile Include="ImageCart.cpp">
      <Filter>Source Files</Filter>
    </ClCompile>
    <ClCompile Include="ImageLyx.cpp">
      <Filter>Source Files</Filter>
    </ClCompile>
    <ClCompile Include="CartBank.cpp">
      <Filter>Source Files</Filter>
    </ClCompile>
  </ItemGroup>
  <ItemGroup>
    <ClInclude Include="CPU.hpp">
      <Filter>Source Files</Filter>
    </ClInclude>
    <ClInclude Include="BusMaster.hpp">
      <Filter>Source Files</Filter>
    </ClInclude>
    <ClInclude Include="Opcodes.hpp">
      <Filter>Source Files</Filter>
    </ClInclude>
    <ClInclude Include="Mikey.hpp">
      <Filter>Source Files</Filter>
    </ClInclude>
    <ClInclude Include="Suzy.hpp">
      <Filter>Source Files</Filter>
    </ClInclude>
    <ClInclude Include="CPUExecute.hpp">
      <Filter>Source Files</Filter>
    </ClInclude>
    <ClInclude Include="CPUTrace.hpp">
      <Filter>Source Files</Filter>
    </ClInclude>
    <ClInclude Include="ActionQueue.hpp">
      <Filter>Source Files</Filter>
    </ClInclude>
    <ClInclude Include="TimerCore.hpp">
      <Filter>Source Files</Filter>
    </ClInclude>
    <ClInclude Include="DisplayGenerator.hpp">
      <Filter>Source Files</Filter>
    </ClInclude>
    <ClInclude Include="WinRenderer.hpp">
      <Filter>Source Files</Filter>
    </ClInclude>
    <ClInclude Include="renderer.hxx">
      <Filter>Source Files</Filter>
    </ClInclude>
    <ClInclude Include="PenUnpacker.hpp">
      <Filter>Source Files</Filter>
    </ClInclude>
    <ClInclude Include="SuzyProcess.hpp">
      <Filter>Source Files</Filter>
    </ClInclude>
    <ClInclude Include="SuzyProcessCoro.hpp">
      <Filter>Source Files</Filter>
    </ClInclude>
    <ClInclude Include="Shifter.hpp">
      <Filter>Source Files</Filter>
    </ClInclude>
    <ClInclude Include="VidOperator.hpp">
      <Filter>Source Files</Filter>
    </ClInclude>
    <ClInclude Include="AudioChannel.hpp">
      <Filter>Source Files</Filter>
    </ClInclude>
    <ClInclude Include="KeyInput.hpp">
      <Filter>Source Files</Filter>
    </ClInclude>
    <ClInclude Include="SuzyMath.hpp">
      <Filter>Source Files</Filter>
    </ClInclude>
    <ClInclude Include="ParallelPort.hpp">
      <Filter>Source Files</Filter>
    </ClInclude>
    <ClInclude Include="Cartridge.hpp">
      <Filter>Source Files</Filter>
    </ClInclude>
    <ClInclude Include="ComLynx.hpp">
      <Filter>Source Files</Filter>
    </ClInclude>
    <ClInclude Include="ColOperator.hpp">
      <Filter>Source Files</Filter>
    </ClInclude>
    <ClInclude Include="SpriteTemplates.hpp">
      <Filter>Source Files</Filter>
    </ClInclude>
    <ClInclude Include="Log.hpp">
      <Filter>Source Files</Filter>
    </ClInclude>
    <ClInclude Include="WinAudioOut.hpp">
      <Filter>Source Files</Filter>
    </ClInclude>
    <ClInclude Include="InputFile.hpp">
      <Filter>Source Files</Filter>
    </ClInclude>
    <ClInclude Include="ImageBS93.hpp">
      <Filter>Source Files</Filter>
    </ClInclude>
    <ClInclude Include="ImageBIOS.hpp">
      <Filter>Source Files</Filter>
    </ClInclude>
    <ClInclude Include="ImageCart.hpp">
      <Filter>Source Files</Filter>
    </ClInclude>
    <ClInclude Include="ImageLyx.hpp">
      <Filter>Source Files</Filter>
    </ClInclude>
    <ClInclude Include="CartBank.hpp">
      <Filter>Source Files</Filter>
    </ClInclude>
  </ItemGroup>
  <ItemGroup>
    <FxCompile Include="render.csh">
      <Filter>Source Files</Filter>
    </FxCompile>
  </ItemGroup>
  <ItemGroup>
    <None Include="gsl\include\gsl\gsl">
      <Filter>gsl</Filter>
    </None>
    <None Include="gsl\include\gsl\gsl_algorithm">
      <Filter>gsl</Filter>
    </None>
    <None Include="gsl\include\gsl\gsl_assert">
      <Filter>gsl</Filter>
    </None>
    <None Include="gsl\include\gsl\gsl_byte">
      <Filter>gsl</Filter>
    </None>
    <None Include="gsl\include\gsl\gsl_util">
      <Filter>gsl</Filter>
    </None>
    <None Include="gsl\include\gsl\multi_span">
      <Filter>gsl</Filter>
    </None>
    <None Include="gsl\include\gsl\pointers">
      <Filter>gsl</Filter>
    </None>
    <None Include="gsl\include\gsl\span">
      <Filter>gsl</Filter>
    </None>
    <None Include="gsl\include\gsl\span_ext">
      <Filter>gsl</Filter>
    </None>
    <None Include="gsl\include\gsl\string_span">
      <Filter>gsl</Filter>
    </None>
  </ItemGroup>
  <ItemGroup>
    <Natvis Include="gsl\GSL.natvis" />
  </ItemGroup>
</Project>