<?xml version="1.0" encoding="utf-8"?>
<Project ToolsVersion="4.0" xmlns="http://schemas.microsoft.com/developer/msbuild/2003">
  <ItemGroup>
    <Filter Include="Source Files">
      <UniqueIdentifier>{4FC737F1-C7A5-4376-A066-2A32D752A2FF}</UniqueIdentifier>
      <Extensions>cpp;c;cc;cxx;c++;def;odl;idl;hpj;bat;asm;asmx</Extensions>
    </Filter>
  </ItemGroup>
  <ItemGroup>
    <ClCompile Include="BusMaster.cpp">
      <Filter>Source Files</Filter>
    </ClCompile>
    <ClCompile Include="Mikey.cpp">
      <Filter>Source Files</Filter>
    </ClCompile>
    <ClCompile Include="Suzy.cpp">
      <Filter>Source Files</Filter>
    </ClCompile>
    <ClCompile Include="CPUTrace.cpp">
      <Filter>Source Files</Filter>
    </ClCompile>
    <ClCompile Include="ActionQueue.cpp">
      <Filter>Source Files</Filter>
    </ClCompile>
    <ClCompile Include="TimerCore.cpp">
      <Filter>Source Files</Filter>
    </ClCompile>
    <ClCompile Include="DisplayGenerator.cpp">
      <Filter>Source Files</Filter>
    </ClCompile>
    <ClCompile Include="WinMain.cpp">
      <Filter>Source Files</Filter>
    </ClCompile>
    <ClCompile Include="WinRenderer.cpp">
      <Filter>Source Files</Filter>
    </ClCompile>
    <ClCompile Include="CPU.cpp">
      <Filter>Source Files</Filter>
    </ClCompile>
    <ClCompile Include="CPUExecute.cpp">
      <Filter>Source Files</Filter>
    </ClCompile>
    <ClCompile Include="SuzyCoroutines.cpp">
      <Filter>Source Files</Filter>
    </ClCompile>
    <ClCompile Include="PenUnpacker.cpp">
      <Filter>Source Files</Filter>
    </ClCompile>
    <ClCompile Include="SuzyProcess.cpp">
      <Filter>Source Files</Filter>
    </ClCompile>
  </ItemGroup>
  <ItemGroup>
    <ClInclude Include="CPU.hpp">
      <Filter>Source Files</Filter>
    </ClInclude>
    <ClInclude Include="BusMaster.hpp">
      <Filter>Source Files</Filter>
    </ClInclude>
    <ClInclude Include="Opcodes.hpp">
      <Filter>Source Files</Filter>
    </ClInclude>
    <ClInclude Include="Mikey.hpp">
      <Filter>Source Files</Filter>
    </ClInclude>
    <ClInclude Include="Suzy.hpp">
      <Filter>Source Files</Filter>
    </ClInclude>
    <ClInclude Include="CPUExecute.hpp">
      <Filter>Source Files</Filter>
    </ClInclude>
    <ClInclude Include="CPUTrace.hpp">
      <Filter>Source Files</Filter>
    </ClInclude>
    <ClInclude Include="ActionQueue.hpp">
      <Filter>Source Files</Filter>
    </ClInclude>
    <ClInclude Include="TimerCore.hpp">
      <Filter>Source Files</Filter>
    </ClInclude>
    <ClInclude Include="DisplayGenerator.hpp">
      <Filter>Source Files</Filter>
    </ClInclude>
    <ClInclude Include="WinRenderer.hpp">
      <Filter>Source Files</Filter>
    </ClInclude>
    <ClInclude Include="renderer.hxx">
      <Filter>Source Files</Filter>
    </ClInclude>
    <ClInclude Include="SuzyCoroutines.hpp">
      <Filter>Source Files</Filter>
    </ClInclude>
    <ClInclude Include="PenUnpacker.hpp">
      <Filter>Source Files</Filter>
    </ClInclude>
    <ClInclude Include="SuzyProcess.hpp">
      <Filter>Source Files</Filter>
    </ClInclude>
    <ClInclude Include="SuzyProcessCoro.hpp">
      <Filter>Source Files</Filter>
    </ClInclude>
    <ClInclude Include="Shifter.hpp">
      <Filter>Source Files</Filter>
    </ClInclude>
  </ItemGroup>
  <ItemGroup>
    <FxCompile Include="render.csh">
      <Filter>Source Files</Filter>
    </FxCompile>
  </ItemGroup>
</Project>