
Microsoft Visual Studio Solution File, Format Version 12.00
# Visual Studio Version 16
VisualStudioVersion = 16.0.30011.22
MinimumVisualStudioVersion = 10.0.40219.1
Project("{8BC9CEB8-8B4A-11D0-8D11-00A0C91BC942}") = "felix", "felix\felix.vcxproj", "{89CB9A2E-8DFA-4B43-9063-3DA1AA917B47}"
	ProjectSection(ProjectDependencies) = postProject
		{30B7E2A2-7CB5-4570-8486-A3BD91C4EF97} = {30B7E2A2-7CB5-4570-8486-A3BD91C4EF97}
	EndProjectSection
EndProject
Project("{8BC9CEB8-8B4A-11D0-8D11-00A0C91BC942}") = "VersionTool", "VersionTool\VersionTool.vcxproj", "{30B7E2A2-7CB5-4570-8486-A3BD91C4EF97}"
EndProject
Project("{2150E333-8FDC-42A3-9474-1A3956D46DE8}") = "helpers", "helpers", "{01B87F5A-7A71-4C3B-9578-B8F939BF4438}"
EndProject
Project("{8BC9CEB8-8B4A-11D0-8D11-00A0C91BC942}") = "imgui", "imgui\imgui.vcxproj", "{DA3E55BA-76F9-400D-A64C-42A416BE55C8}"
EndProject
Project("{8BC9CEB8-8B4A-11D0-8D11-00A0C91BC942}") = "libFelix", "libFelix\libFelix.vcxproj", "{F73558BD-D0F3-4AD9-B123-7CC346A21A70}"
EndProject
Global
	GlobalSection(SolutionConfigurationPlatforms) = preSolution
		Debug|x64 = Debug|x64
		Debug|x86 = Debug|x86
		Release|x64 = Release|x64
		Release|x86 = Release|x86
	EndGlobalSection
	GlobalSection(ProjectConfigurationPlatforms) = postSolution
		{89CB9A2E-8DFA-4B43-9063-3DA1AA917B47}.Debug|x64.ActiveCfg = Debug|x64
		{89CB9A2E-8DFA-4B43-9063-3DA1AA917B47}.Debug|x64.Build.0 = Debug|x64
		{89CB9A2E-8DFA-4B43-9063-3DA1AA917B47}.Debug|x86.ActiveCfg = Debug|Win32
		{89CB9A2E-8DFA-4B43-9063-3DA1AA917B47}.Debug|x86.Build.0 = Debug|Win32
		{89CB9A2E-8DFA-4B43-9063-3DA1AA917B47}.Release|x64.ActiveCfg = Release|x64
		{89CB9A2E-8DFA-4B43-9063-3DA1AA917B47}.Release|x64.Build.0 = Release|x64
		{89CB9A2E-8DFA-4B43-9063-3DA1AA917B47}.Release|x86.ActiveCfg = Release|Win32
		{89CB9A2E-8DFA-4B43-9063-3DA1AA917B47}.Release|x86.Build.0 = Release|Win32
		{30B7E2A2-7CB5-4570-8486-A3BD91C4EF97}.Debug|x64.ActiveCfg = Debug|x64
		{30B7E2A2-7CB5-4570-8486-A3BD91C4EF97}.Debug|x64.Build.0 = Debug|x64
		{30B7E2A2-7CB5-4570-8486-A3BD91C4EF97}.Debug|x86.ActiveCfg = Debug|Win32
		{30B7E2A2-7CB5-4570-8486-A3BD91C4EF97}.Debug|x86.Build.0 = Debug|Win32
		{30B7E2A2-7CB5-4570-8486-A3BD91C4EF97}.Release|x64.ActiveCfg = Release|x64
		{30B7E2A2-7CB5-4570-8486-A3BD91C4EF97}.Release|x64.Build.0 = Release|x64
		{30B7E2A2-7CB5-4570-8486-A3BD91C4EF97}.Release|x86.ActiveCfg = Release|Win32
		{30B7E2A2-7CB5-4570-8486-A3BD91C4EF97}.Release|x86.Build.0 = Release|Win32
		{DA3E55BA-76F9-400D-A64C-42A416BE55C8}.Debug|x64.ActiveCfg = Debug|x64
		{DA3E55BA-76F9-400D-A64C-42A416BE55C8}.Debug|x64.Build.0 = Debug|x64
		{DA3E55BA-76F9-400D-A64C-42A416BE55C8}.Debug|x86.ActiveCfg = Debug|Win32
		{DA3E55BA-76F9-400D-A64C-42A416BE55C8}.Debug|x86.Build.0 = Debug|Win32
		{DA3E55BA-76F9-400D-A64C-42A416BE55C8}.Release|x64.ActiveCfg = Release|x64
		{DA3E55BA-76F9-400D-A64C-42A416BE55C8}.Release|x64.Build.0 = Release|x64
		{DA3E55BA-76F9-400D-A64C-42A416BE55C8}.Release|x86.ActiveCfg = Release|Win32
		{DA3E55BA-76F9-400D-A64C-42A416BE55C8}.Release|x86.Build.0 = Release|Win32
		{F73558BD-D0F3-4AD9-B123-7CC346A21A70}.Debug|x64.ActiveCfg = Debug|x64
		{F73558BD-D0F3-4AD9-B123-7CC346A21A70}.Debug|x64.Build.0 = Debug|x64
		{F73558BD-D0F3-4AD9-B123-7CC346A21A70}.Debug|x86.ActiveCfg = Debug|Win32
		{F73558BD-D0F3-4AD9-B123-7CC346A21A70}.Debug|x86.Build.0 = Debug|Win32
		{F73558BD-D0F3-4AD9-B123-7CC346A21A70}.Release|x64.ActiveCfg = Release|x64
		{F73558BD-D0F3-4AD9-B123-7CC346A21A70}.Release|x64.Build.0 = Release|x64
		{F73558BD-D0F3-4AD9-B123-7CC346A21A70}.Release|x86.ActiveCfg = Release|Win32
		{F73558BD-D0F3-4AD9-B123-7CC346A21A70}.Release|x86.Build.0 = Release|Win32
	EndGlobalSection
	GlobalSection(SolutionProperties) = preSolution
		HideSolutionNode = FALSE
	EndGlobalSection
	GlobalSection(NestedProjects) = preSolution
		{30B7E2A2-7CB5-4570-8486-A3BD91C4EF97} = {01B87F5A-7A71-4C3B-9578-B8F939BF4438}
		{DA3E55BA-76F9-400D-A64C-42A416BE55C8} = {01B87F5A-7A71-4C3B-9578-B8F939BF4438}
	EndGlobalSection
	GlobalSection(ExtensibilityGlobals) = postSolution
		SolutionGuid = {3B5A8028-FB31-42B8-8779-5CE2F6957369}
	EndGlobalSection
EndGlobal
