<?xml version="1.0" encoding="utf-8"?>
<Project ToolsVersion="4.0" xmlns="http://schemas.microsoft.com/developer/msbuild/2003">
  <ItemGroup>
    <ClCompile Include="Manager.cpp" />
    <ClCompile Include="pch.cpp" />
    <ClCompile Include="WinAudioOut.cpp" />
    <ClCompile Include="WinImgui11.cpp" />
    <ClCompile Include="WinMain.cpp" />
    <ClCompile Include="WinImgui.cpp" />
    <ClCompile Include="WinImgui9.cpp" />
    <ClCompile Include="ConfigProvider.cpp" />
    <ClCompile Include="SysConfig.cpp" />
    <ClCompile Include="UserInput.cpp" />
    <ClCompile Include="KeyNames.cpp" />
    <ClCompile Include="LuaProxies.cpp" />
    <ClCompile Include="ScreenRenderingBuffer.cpp" />
    <ClCompile Include="ScreenGeometry.cpp" />
    <ClCompile Include="DX9Renderer.cpp" />
    <ClCompile Include="DX11Renderer.cpp" />
    <ClCompile Include="VideoSink.cpp" />
    <ClCompile Include="UI.cpp" />
    <ClCompile Include="Debugger.cpp" />
    <ClCompile Include="EncodingRenderer.cpp" />
    <ClCompile Include="DX11Helpers.cpp" />
    <ClCompile Include="SystemDriver.cpp" />
    <ClCompile Include="CPUEditor.cpp">
      <Filter>Controls</Filter>
    </ClCompile>
    <ClCompile Include="MemEditor.cpp">
      <Filter>Controls</Filter>
    </ClCompile>
    <ClCompile Include="WatchEditor.cpp">
      <Filter>Controls</Filter>
    </ClCompile>
    <ClCompile Include="DisasmEditor.cpp">
      <Filter>Controls</Filter>
    </ClCompile>
    <ClCompile Include="BreakpointEditor.cpp">
      <Filter>Controls</Filter>
    </ClCompile>
    <ClCompile Include="Monitor.cpp" />
  </ItemGroup>
  <ItemGroup>
    <ClInclude Include="Manager.hpp" />
    <ClInclude Include="pch.hpp" />
    <ClInclude Include="WinAudioOut.hpp" />
    <ClInclude Include="WinImgui11.hpp" />
    <ClInclude Include="Ex.hpp" />
    <ClInclude Include="WinImgui.hpp" />
    <ClInclude Include="WinImgui9.hpp" />
    <ClInclude Include="ConfigProvider.hpp" />
    <ClInclude Include="SysConfig.hpp" />
    <ClInclude Include="UserInput.hpp" />
    <ClInclude Include="KeyNames.hpp" />
    <ClInclude Include="LuaProxies.hpp" />
    <ClInclude Include="fonts.hpp" />
    <ClInclude Include="board.hxx">
      <Filter>shaders</Filter>
    </ClInclude>
    <ClInclude Include="pixel.hxx">
      <Filter>shaders</Filter>
    </ClInclude>
    <ClInclude Include="renderer.hxx">
      <Filter>shaders</Filter>
    </ClInclude>
    <ClInclude Include="rendererYUV.hxx">
      <Filter>shaders</Filter>
    </ClInclude>
    <ClInclude Include="vertex.hxx">
      <Filter>shaders</Filter>
    </ClInclude>
    <ClInclude Include="renderer2.hxx">
      <Filter>shaders</Filter>
    </ClInclude>
    <ClInclude Include="ScreenRenderingBuffer.hpp" />
    <ClInclude Include="ScreenGeometry.hpp" />
    <ClInclude Include="BaseRenderer.hpp" />
    <ClInclude Include="DX9Renderer.hpp" />
    <ClInclude Include="DX11Renderer.hpp" />
    <ClInclude Include="VideoSink.hpp" />
    <ClInclude Include="UI.hpp" />
    <ClInclude Include="Debugger.hpp" />
    <ClInclude Include="EncodingRenderer.hpp" />
    <ClInclude Include="DX11Helpers.hpp" />
    <ClInclude Include="SystemDriver.hpp" />
    <ClInclude Include="IUserInput.hpp" />
    <ClInclude Include="ISystemDriver.hpp" />
    <ClInclude Include="rational.hpp" />
    <ClInclude Include="CPUEditor.hpp">
      <Filter>Controls</Filter>
    </ClInclude>
    <ClInclude Include="version.hpp" />
    <ClInclude Include="MemEditor.hpp">
      <Filter>Controls</Filter>
    </ClInclude>
    <ClInclude Include="WatchEditor.hpp">
      <Filter>Controls</Filter>
    </ClInclude>
    <ClInclude Include="Editors.hpp">
      <Filter>Controls</Filter>
    </ClInclude>
    <ClInclude Include="DisasmEditor.h">
      <Filter>Controls</Filter>
    </ClInclude>
    <ClInclude Include="BreakpointEditor.hpp">
      <Filter>Controls</Filter>
    </ClInclude>
    <ClInclude Include="Monitor.hpp" />
  </ItemGroup>
  <ItemGroup>
    <FxCompile Include="board.csh">
      <Filter>shaders</Filter>
    </FxCompile>
    <FxCompile Include="imgui.psh">
      <Filter>shaders</Filter>
    </FxCompile>
    <FxCompile Include="imgui.vsh">
      <Filter>shaders</Filter>
    </FxCompile>
    <FxCompile Include="render.csh">
      <Filter>shaders</Filter>
    </FxCompile>
    <FxCompile Include="renderYUV.csh">
      <Filter>shaders</Filter>
    </FxCompile>
    <FxCompile Include="render2.csh">
      <Filter>shaders</Filter>
    </FxCompile>
  </ItemGroup>
  <ItemGroup>
    <Filter Include="shaders">
      <UniqueIdentifier>{14853794-850f-480b-9628-c9d4cd45b5b6}</UniqueIdentifier>
    </Filter>
    <Filter Include="Controls">
      <UniqueIdentifier>{9b240cfd-3565-44ec-84fe-c856f33237d7}</UniqueIdentifier>
    </Filter>
  </ItemGroup>
</Project>